// !$*UTF8*$!
{
	archiveVersion = 1;
	classes = {
	};
	objectVersion = 55;
	objects = {

/* Begin PBXBuildFile section */
		D15BC84828A528E10065D2B9 /* AppDelegate.swift in Sources */ = {isa = PBXBuildFile; fileRef = D15BC84728A528E10065D2B9 /* AppDelegate.swift */; };
		D15BC84A28A528E10065D2B9 /* SceneDelegate.swift in Sources */ = {isa = PBXBuildFile; fileRef = D15BC84928A528E10065D2B9 /* SceneDelegate.swift */; };
		D15BC84C28A528E10065D2B9 /* ViewController.swift in Sources */ = {isa = PBXBuildFile; fileRef = D15BC84B28A528E10065D2B9 /* ViewController.swift */; };
		D15BC85228A528E10065D2B9 /* _stCoreData.xcdatamodeld in Sources */ = {isa = PBXBuildFile; fileRef = D15BC85028A528E10065D2B9 /* _stCoreData.xcdatamodeld */; };
		D15BC85428A528E20065D2B9 /* Assets.xcassets in Resources */ = {isa = PBXBuildFile; fileRef = D15BC85328A528E20065D2B9 /* Assets.xcassets */; };
		D15BC85728A528E20065D2B9 /* LaunchScreen.storyboard in Resources */ = {isa = PBXBuildFile; fileRef = D15BC85528A528E20065D2B9 /* LaunchScreen.storyboard */; };
		D15BC85F28A548D20065D2B9 /* MainNavigationController.swift in Sources */ = {isa = PBXBuildFile; fileRef = D15BC85E28A548D20065D2B9 /* MainNavigationController.swift */; };
		D1CA025728A5FEFB00709C25 /* APICaller.swift in Sources */ = {isa = PBXBuildFile; fileRef = D1CA025628A5FEFB00709C25 /* APICaller.swift */; };
		D1CA025928A6023300709C25 /* CoreDataItemModel.swift in Sources */ = {isa = PBXBuildFile; fileRef = D1CA025828A6023300709C25 /* CoreDataItemModel.swift */; };
		D1CA026128A6192700709C25 /* CoreDataItem+CoreDataClass.swift in Sources */ = {isa = PBXBuildFile; fileRef = D1CA025F28A6192700709C25 /* CoreDataItem+CoreDataClass.swift */; };
		D1CA026228A6192700709C25 /* CoreDataItem+CoreDataProperties.swift in Sources */ = {isa = PBXBuildFile; fileRef = D1CA026028A6192700709C25 /* CoreDataItem+CoreDataProperties.swift */; };
/* End PBXBuildFile section */

/* Begin PBXFileReference section */
		D15BC84428A528E10065D2B9 /* 1stCoreData.app */ = {isa = PBXFileReference; explicitFileType = wrapper.application; includeInIndex = 0; path = 1stCoreData.app; sourceTree = BUILT_PRODUCTS_DIR; };
		D15BC84728A528E10065D2B9 /* AppDelegate.swift */ = {isa = PBXFileReference; lastKnownFileType = sourcecode.swift; path = AppDelegate.swift; sourceTree = "<group>"; };
		D15BC84928A528E10065D2B9 /* SceneDelegate.swift */ = {isa = PBXFileReference; lastKnownFileType = sourcecode.swift; path = SceneDelegate.swift; sourceTree = "<group>"; };
		D15BC84B28A528E10065D2B9 /* ViewController.swift */ = {isa = PBXFileReference; lastKnownFileType = sourcecode.swift; path = ViewController.swift; sourceTree = "<group>"; };
		D15BC85128A528E10065D2B9 /* _stCoreData.xcdatamodel */ = {isa = PBXFileReference; lastKnownFileType = wrapper.xcdatamodel; path = _stCoreData.xcdatamodel; sourceTree = "<group>"; };
		D15BC85328A528E20065D2B9 /* Assets.xcassets */ = {isa = PBXFileReference; lastKnownFileType = folder.assetcatalog; path = Assets.xcassets; sourceTree = "<group>"; };
		D15BC85628A528E20065D2B9 /* Base */ = {isa = PBXFileReference; lastKnownFileType = file.storyboard; name = Base; path = Base.lproj/LaunchScreen.storyboard; sourceTree = "<group>"; };
		D15BC85828A528E20065D2B9 /* Info.plist */ = {isa = PBXFileReference; lastKnownFileType = text.plist.xml; path = Info.plist; sourceTree = "<group>"; };
		D15BC85E28A548D20065D2B9 /* MainNavigationController.swift */ = {isa = PBXFileReference; lastKnownFileType = sourcecode.swift; path = MainNavigationController.swift; sourceTree = "<group>"; };
		D1CA025628A5FEFB00709C25 /* APICaller.swift */ = {isa = PBXFileReference; lastKnownFileType = sourcecode.swift; path = APICaller.swift; sourceTree = "<group>"; };
		D1CA025828A6023300709C25 /* CoreDataItemModel.swift */ = {isa = PBXFileReference; lastKnownFileType = sourcecode.swift; path = CoreDataItemModel.swift; sourceTree = "<group>"; };
		D1CA025F28A6192700709C25 /* CoreDataItem+CoreDataClass.swift */ = {isa = PBXFileReference; lastKnownFileType = sourcecode.swift; path = "CoreDataItem+CoreDataClass.swift"; sourceTree = "<group>"; };
		D1CA026028A6192700709C25 /* CoreDataItem+CoreDataProperties.swift */ = {isa = PBXFileReference; lastKnownFileType = sourcecode.swift; path = "CoreDataItem+CoreDataProperties.swift"; sourceTree = "<group>"; };
/* End PBXFileReference section */

/* Begin PBXFrameworksBuildPhase section */
		D15BC84128A528E10065D2B9 /* Frameworks */ = {
			isa = PBXFrameworksBuildPhase;
			buildActionMask = 2147483647;
			files = (
			);
			runOnlyForDeploymentPostprocessing = 0;
		};
/* End PBXFrameworksBuildPhase section */

/* Begin PBXGroup section */
		D15BC83B28A528E10065D2B9 = {
			isa = PBXGroup;
			children = (
				D15BC84628A528E10065D2B9 /* 1stCoreData */,
				D15BC84528A528E10065D2B9 /* Products */,
			);
			sourceTree = "<group>";
		};
		D15BC84528A528E10065D2B9 /* Products */ = {
			isa = PBXGroup;
			children = (
				D15BC84428A528E10065D2B9 /* 1stCoreData.app */,
			);
			name = Products;
			sourceTree = "<group>";
		};
		D15BC84628A528E10065D2B9 /* 1stCoreData */ = {
			isa = PBXGroup;
			children = (
				D1CA025F28A6192700709C25 /* CoreDataItem+CoreDataClass.swift */,
				D1CA026028A6192700709C25 /* CoreDataItem+CoreDataProperties.swift */,
				D15BC84728A528E10065D2B9 /* AppDelegate.swift */,
				D15BC84928A528E10065D2B9 /* SceneDelegate.swift */,
				D1CA025628A5FEFB00709C25 /* APICaller.swift */,
				D1CA025828A6023300709C25 /* CoreDataItemModel.swift */,
				D15BC84B28A528E10065D2B9 /* ViewController.swift */,
				D15BC85E28A548D20065D2B9 /* MainNavigationController.swift */,
				D15BC85328A528E20065D2B9 /* Assets.xcassets */,
				D15BC85028A528E10065D2B9 /* _stCoreData.xcdatamodeld */,
				D15BC85828A528E20065D2B9 /* Info.plist */,
				D15BC85528A528E20065D2B9 /* LaunchScreen.storyboard */,
			);
			path = 1stCoreData;
			sourceTree = "<group>";
		};
/* End PBXGroup section */

/* Begin PBXNativeTarget section */
		D15BC84328A528E10065D2B9 /* 1stCoreData */ = {
			isa = PBXNativeTarget;
			buildConfigurationList = D15BC85B28A528E20065D2B9 /* Build configuration list for PBXNativeTarget "1stCoreData" */;
			buildPhases = (
				D15BC84028A528E10065D2B9 /* Sources */,
				D15BC84128A528E10065D2B9 /* Frameworks */,
				D15BC84228A528E10065D2B9 /* Resources */,
			);
			buildRules = (
			);
			dependencies = (
			);
			name = 1stCoreData;
			productName = 1stCoreData;
			productReference = D15BC84428A528E10065D2B9 /* 1stCoreData.app */;
			productType = "com.apple.product-type.application";
		};
/* End PBXNativeTarget section */

/* Begin PBXProject section */
		D15BC83C28A528E10065D2B9 /* Project object */ = {
			isa = PBXProject;
			attributes = {
				BuildIndependentTargetsInParallel = 1;
				LastSwiftUpdateCheck = 1340;
				LastUpgradeCheck = 1340;
				TargetAttributes = {
					D15BC84328A528E10065D2B9 = {
						CreatedOnToolsVersion = 13.4.1;
					};
				};
			};
			buildConfigurationList = D15BC83F28A528E10065D2B9 /* Build configuration list for PBXProject "1stCoreData" */;
			compatibilityVersion = "Xcode 13.0";
			developmentRegion = en;
			hasScannedForEncodings = 0;
			knownRegions = (
				en,
				Base,
			);
			mainGroup = D15BC83B28A528E10065D2B9;
			productRefGroup = D15BC84528A528E10065D2B9 /* Products */;
			projectDirPath = "";
			projectRoot = "";
			targets = (
				D15BC84328A528E10065D2B9 /* 1stCoreData */,
			);
		};
/* End PBXProject section */

/* Begin PBXResourcesBuildPhase section */
		D15BC84228A528E10065D2B9 /* Resources */ = {
			isa = PBXResourcesBuildPhase;
			buildActionMask = 2147483647;
			files = (
				D15BC85728A528E20065D2B9 /* LaunchScreen.storyboard in Resources */,
				D15BC85428A528E20065D2B9 /* Assets.xcassets in Resources */,
			);
			runOnlyForDeploymentPostprocessing = 0;
		};
/* End PBXResourcesBuildPhase section */

/* Begin PBXSourcesBuildPhase section */
		D15BC84028A528E10065D2B9 /* Sources */ = {
			isa = PBXSourcesBuildPhase;
			buildActionMask = 2147483647;
			files = (
				D1CA025928A6023300709C25 /* CoreDataItemModel.swift in Sources */,
				D15BC85F28A548D20065D2B9 /* MainNavigationController.swift in Sources */,
				D1CA026128A6192700709C25 /* CoreDataItem+CoreDataClass.swift in Sources */,
				D15BC84C28A528E10065D2B9 /* ViewController.swift in Sources */,
				D1CA026228A6192700709C25 /* CoreDataItem+CoreDataProperties.swift in Sources */,
				D15BC85228A528E10065D2B9 /* _stCoreData.xcdatamodeld in Sources */,
				D15BC84828A528E10065D2B9 /* AppDelegate.swift in Sources */,
				D15BC84A28A528E10065D2B9 /* SceneDelegate.swift in Sources */,
				D1CA025728A5FEFB00709C25 /* APICaller.swift in Sources */,
			);
			runOnlyForDeploymentPostprocessing = 0;
		};
/* End PBXSourcesBuildPhase section */

/* Begin PBXVariantGroup section */
		D15BC85528A528E20065D2B9 /* LaunchScreen.storyboard */ = {
			isa = PBXVariantGroup;
			children = (
				D15BC85628A528E20065D2B9 /* Base */,
			);
			name = LaunchScreen.storyboard;
			sourceTree = "<group>";
		};
/* End PBXVariantGroup section */

/* Begin XCBuildConfiguration section */
		D15BC85928A528E20065D2B9 /* Debug */ = {
			isa = XCBuildConfiguration;
			buildSettings = {
				ALWAYS_SEARCH_USER_PATHS = NO;
				CLANG_ANALYZER_NONNULL = YES;
				CLANG_ANALYZER_NUMBER_OBJECT_CONVERSION = YES_AGGRESSIVE;
				CLANG_CXX_LANGUAGE_STANDARD = "gnu++17";
				CLANG_ENABLE_MODULES = YES;
				CLANG_ENABLE_OBJC_ARC = YES;
				CLANG_ENABLE_OBJC_WEAK = YES;
				CLANG_WARN_BLOCK_CAPTURE_AUTORELEASING = YES;
				CLANG_WARN_BOOL_CONVERSION = YES;
				CLANG_WARN_COMMA = YES;
				CLANG_WARN_CONSTANT_CONVERSION = YES;
				CLANG_WARN_DEPRECATED_OBJC_IMPLEMENTATIONS = YES;
				CLANG_WARN_DIRECT_OBJC_ISA_USAGE = YES_ERROR;
				CLANG_WARN_DOCUMENTATION_COMMENTS = YES;
				CLANG_WARN_EMPTY_BODY = YES;
				CLANG_WARN_ENUM_CONVERSION = YES;
				CLANG_WARN_INFINITE_RECURSION = YES;
				CLANG_WARN_INT_CONVERSION = YES;
				CLANG_WARN_NON_LITERAL_NULL_CONVERSION = YES;
				CLANG_WARN_OBJC_IMPLICIT_RETAIN_SELF = YES;
				CLANG_WARN_OBJC_LITERAL_CONVERSION = YES;
				CLANG_WARN_OBJC_ROOT_CLASS = YES_ERROR;
				CLANG_WARN_QUOTED_INCLUDE_IN_FRAMEWORK_HEADER = YES;
				CLANG_WARN_RANGE_LOOP_ANALYSIS = YES;
				CLANG_WARN_STRICT_PROTOTYPES = YES;
				CLANG_WARN_SUSPICIOUS_MOVE = YES;
				CLANG_WARN_UNGUARDED_AVAILABILITY = YES_AGGRESSIVE;
				CLANG_WARN_UNREACHABLE_CODE = YES;
				CLANG_WARN__DUPLICATE_METHOD_MATCH = YES;
				COPY_PHASE_STRIP = NO;
				DEBUG_INFORMATION_FORMAT = dwarf;
				ENABLE_STRICT_OBJC_MSGSEND = YES;
				ENABLE_TESTABILITY = YES;
				GCC_C_LANGUAGE_STANDARD = gnu11;
				GCC_DYNAMIC_NO_PIC = NO;
				GCC_NO_COMMON_BLOCKS = YES;
				GCC_OPTIMIZATION_LEVEL = 0;
				GCC_PREPROCESSOR_DEFINITIONS = (
					"DEBUG=1",
					"$(inherited)",
				);
				GCC_WARN_64_TO_32_BIT_CONVERSION = YES;
				GCC_WARN_ABOUT_RETURN_TYPE = YES_ERROR;
				GCC_WARN_UNDECLARED_SELECTOR = YES;
				GCC_WARN_UNINITIALIZED_AUTOS = YES_AGGRESSIVE;
				GCC_WARN_UNUSED_FUNCTION = YES;
				GCC_WARN_UNUSED_VARIABLE = YES;
				IPHONEOS_DEPLOYMENT_TARGET = 15.5;
				MTL_ENABLE_DEBUG_INFO = INCLUDE_SOURCE;
				MTL_FAST_MATH = YES;
				ONLY_ACTIVE_ARCH = YES;
				SDKROOT = iphoneos;
				SWIFT_ACTIVE_COMPILATION_CONDITIONS = DEBUG;
				SWIFT_OPTIMIZATION_LEVEL = "-Onone";
			};
			name = Debug;
		};
		D15BC85A28A528E20065D2B9 /* Release */ = {
			isa = XCBuildConfiguration;
			buildSettings = {
				ALWAYS_SEARCH_USER_PATHS = NO;
				CLANG_ANALYZER_NONNULL = YES;
				CLANG_ANALYZER_NUMBER_OBJECT_CONVERSION = YES_AGGRESSIVE;
				CLANG_CXX_LANGUAGE_STANDARD = "gnu++17";
				CLANG_ENABLE_MODULES = YES;
				CLANG_ENABLE_OBJC_ARC = YES;
				CLANG_ENABLE_OBJC_WEAK = YES;
				CLANG_WARN_BLOCK_CAPTURE_AUTORELEASING = YES;
				CLANG_WARN_BOOL_CONVERSION = YES;
				CLANG_WARN_COMMA = YES;
				CLANG_WARN_CONSTANT_CONVERSION = YES;
				CLANG_WARN_DEPRECATED_OBJC_IMPLEMENTATIONS = YES;
				CLANG_WARN_DIRECT_OBJC_ISA_USAGE = YES_ERROR;
				CLANG_WARN_DOCUMENTATION_COMMENTS = YES;
				CLANG_WARN_EMPTY_BODY = YES;
				CLANG_WARN_ENUM_CONVERSION = YES;
				CLANG_WARN_INFINITE_RECURSION = YES;
				CLANG_WARN_INT_CONVERSION = YES;
				CLANG_WARN_NON_LITERAL_NULL_CONVERSION = YES;
				CLANG_WARN_OBJC_IMPLICIT_RETAIN_SELF = YES;
				CLANG_WARN_OBJC_LITERAL_CONVERSION = YES;
				CLANG_WARN_OBJC_ROOT_CLASS = YES_ERROR;
				CLANG_WARN_QUOTED_INCLUDE_IN_FRAMEWORK_HEADER = YES;
				CLANG_WARN_RANGE_LOOP_ANALYSIS = YES;
				CLANG_WARN_STRICT_PROTOTYPES = YES;
				CLANG_WARN_SUSPICIOUS_MOVE = YES;
				CLANG_WARN_UNGUARDED_AVAILABILITY = YES_AGGRESSIVE;
				CLANG_WARN_UNREACHABLE_CODE = YES;
				CLANG_WARN__DUPLICATE_METHOD_MATCH = YES;
				COPY_PHASE_STRIP = NO;
				DEBUG_INFORMATION_FORMAT = "dwarf-with-dsym";
				ENABLE_NS_ASSERTIONS = NO;
				ENABLE_STRICT_OBJC_MSGSEND = YES;
				GCC_C_LANGUAGE_STANDARD = gnu11;
				GCC_NO_COMMON_BLOCKS = YES;
				GCC_WARN_64_TO_32_BIT_CONVERSION = YES;
				GCC_WARN_ABOUT_RETURN_TYPE = YES_ERROR;
				GCC_WARN_UNDECLARED_SELECTOR = YES;
				GCC_WARN_UNINITIALIZED_AUTOS = YES_AGGRESSIVE;
				GCC_WARN_UNUSED_FUNCTION = YES;
				GCC_WARN_UNUSED_VARIABLE = YES;
				IPHONEOS_DEPLOYMENT_TARGET = 15.5;
				MTL_ENABLE_DEBUG_INFO = NO;
				MTL_FAST_MATH = YES;
				SDKROOT = iphoneos;
				SWIFT_COMPILATION_MODE = wholemodule;
				SWIFT_OPTIMIZATION_LEVEL = "-O";
				VALIDATE_PRODUCT = YES;
			};
			name = Release;
		};
		D15BC85C28A528E20065D2B9 /* Debug */ = {
			isa = XCBuildConfiguration;
			buildSettings = {
				ASSETCATALOG_COMPILER_APPICON_NAME = AppIcon;
				ASSETCATALOG_COMPILER_GLOBAL_ACCENT_COLOR_NAME = AccentColor;
				CODE_SIGN_STYLE = Automatic;
				CURRENT_PROJECT_VERSION = 1;
				DEVELOPMENT_TEAM = W3CHGH63KV;
				GENERATE_INFOPLIST_FILE = YES;
				INFOPLIST_FILE = 1stCoreData/Info.plist;
				INFOPLIST_KEY_UIApplicationSupportsIndirectInputEvents = YES;
				INFOPLIST_KEY_UILaunchStoryboardName = LaunchScreen;
				INFOPLIST_KEY_UISupportedInterfaceOrientations_iPad = "UIInterfaceOrientationPortrait UIInterfaceOrientationPortraitUpsideDown UIInterfaceOrientationLandscapeLeft UIInterfaceOrientationLandscapeRight";
				INFOPLIST_KEY_UISupportedInterfaceOrientations_iPhone = "UIInterfaceOrientationPortrait UIInterfaceOrientationLandscapeLeft UIInterfaceOrientationLandscapeRight";
				LD_RUNPATH_SEARCH_PATHS = (
					"$(inherited)",
					"@executable_path/Frameworks",
				);
				MARKETING_VERSION = 1.0;
				PRODUCT_BUNDLE_IDENTIFIER = "Wangjie3119004841.-stCoreData";
				PRODUCT_NAME = "$(TARGET_NAME)";
				SWIFT_EMIT_LOC_STRINGS = YES;
				SWIFT_VERSION = 5.0;
				TARGETED_DEVICE_FAMILY = "1,2";
			};
			name = Debug;
		};
		D15BC85D28A528E20065D2B9 /* Release */ = {
			isa = XCBuildConfiguration;
			buildSettings = {
				ASSETCATALOG_COMPILER_APPICON_NAME = AppIcon;
				ASSETCATALOG_COMPILER_GLOBAL_ACCENT_COLOR_NAME = AccentColor;
				CODE_SIGN_STYLE = Automatic;
				CURRENT_PROJECT_VERSION = 1;
				DEVELOPMENT_TEAM = W3CHGH63KV;
				GENERATE_INFOPLIST_FILE = YES;
				INFOPLIST_FILE = 1stCoreData/Info.plist;
				INFOPLIST_KEY_UIApplicationSupportsIndirectInputEvents = YES;
				INFOPLIST_KEY_UILaunchStoryboardName = LaunchScreen;
				INFOPLIST_KEY_UISupportedInterfaceOrientations_iPad = "UIInterfaceOrientationPortrait UIInterfaceOrientationPortraitUpsideDown UIInterfaceOrientationLandscapeLeft UIInterfaceOrientationLandscapeRight";
				INFOPLIST_KEY_UISupportedInterfaceOrientations_iPhone = "UIInterfaceOrientationPortrait UIInterfaceOrientationLandscapeLeft UIInterfaceOrientationLandscapeRight";
				LD_RUNPATH_SEARCH_PATHS = (
					"$(inherited)",
					"@executable_path/Frameworks",
				);
				MARKETING_VERSION = 1.0;
				PRODUCT_BUNDLE_IDENTIFIER = "Wangjie3119004841.-stCoreData";
				PRODUCT_NAME = "$(TARGET_NAME)";
				SWIFT_EMIT_LOC_STRINGS = YES;
				SWIFT_VERSION = 5.0;
				TARGETED_DEVICE_FAMILY = "1,2";
			};
			name = Release;
		};
/* End XCBuildConfiguration section */

/* Begin XCConfigurationList section */
		D15BC83F28A528E10065D2B9 /* Build configuration list for PBXProject "1stCoreData" */ = {
			isa = XCConfigurationList;
			buildConfigurations = (
				D15BC85928A528E20065D2B9 /* Debug */,
				D15BC85A28A528E20065D2B9 /* Release */,
			);
			defaultConfigurationIsVisible = 0;
			defaultConfigurationName = Release;
		};
		D15BC85B28A528E20065D2B9 /* Build configuration list for PBXNativeTarget "1stCoreData" */ = {
			isa = XCConfigurationList;
			buildConfigurations = (
				D15BC85C28A528E20065D2B9 /* Debug */,
				D15BC85D28A528E20065D2B9 /* Release */,
			);
			defaultConfigurationIsVisible = 0;
			defaultConfigurationName = Release;
		};
/* End XCConfigurationList section */

/* Begin XCVersionGroup section */
		D15BC85028A528E10065D2B9 /* _stCoreData.xcdatamodeld */ = {
			isa = XCVersionGroup;
			children = (
				D15BC85128A528E10065D2B9 /* _stCoreData.xcdatamodel */,
			);
			currentVersion = D15BC85128A528E10065D2B9 /* _stCoreData.xcdatamodel */;
			path = _stCoreData.xcdatamodeld;
			sourceTree = "<group>";
			versionGroupType = wrapper.xcdatamodel;
		};
/* End XCVersionGroup section */
	};
	rootObject = D15BC83C28A528E10065D2B9 /* Project object */;
}
